
Microsoft Visual Studio Solution File, Format Version 12.00
# Visual Studio Version 17
VisualStudioVersion = 17.3.32819.101
MinimumVisualStudioVersion = 10.0.40219.1
Project("{FAE04EC0-301F-11D3-BF4B-00C04F79EFBC}") = "TeamAssigner", "TeamAssigner\TeamAssigner.csproj", "{1D13FB5E-2755-4DB4-9628-6A8A080D9BB4}"
EndProject
Global
	GlobalSection(SolutionConfigurationPlatforms) = preSolution
		Debug|Any CPU = Debug|Any CPU
		Release|Any CPU = Release|Any CPU
	EndGlobalSection
	GlobalSection(ProjectConfigurationPlatforms) = postSolution
		{1D13FB5E-2755-4DB4-9628-6A8A080D9BB4}.Debug|Any CPU.ActiveCfg = Debug|Any CPU
		{1D13FB5E-2755-4DB4-9628-6A8A080D9BB4}.Debug|Any CPU.Build.0 = Debug|Any CPU
		{1D13FB5E-2755-4DB4-9628-6A8A080D9BB4}.Release|Any CPU.ActiveCfg = Release|Any CPU
		{1D13FB5E-2755-4DB4-9628-6A8A080D9BB4}.Release|Any CPU.Build.0 = Release|Any CPU
	EndGlobalSection
	GlobalSection(SolutionProperties) = preSolution
		HideSolutionNode = FALSE
	EndGlobalSection
	GlobalSection(ExtensibilityGlobals) = postSolution
		SolutionGuid = {ED958C4B-1785-4D2B-8A81-048BFC2BBB36}
	EndGlobalSection
EndGlobal
